// !$*UTF8*$!
{
	archiveVersion = 1;
	classes = {
	};
	objectVersion = 50;
	objects = {

/* Begin PBXBuildFile section */
		6440BF9221834D9600523CB8 /* AppDelegate.swift in Sources */ = {isa = PBXBuildFile; fileRef = 6440BF9121834D9600523CB8 /* AppDelegate.swift */; };
		6440BF9421834D9600523CB8 /* ViewController.swift in Sources */ = {isa = PBXBuildFile; fileRef = 6440BF9321834D9600523CB8 /* ViewController.swift */; };
		6440BF9721834D9600523CB8 /* Main.storyboard in Resources */ = {isa = PBXBuildFile; fileRef = 6440BF9521834D9600523CB8 /* Main.storyboard */; };
		6440BF9921834D9700523CB8 /* Assets.xcassets in Resources */ = {isa = PBXBuildFile; fileRef = 6440BF9821834D9700523CB8 /* Assets.xcassets */; };
		6440BFAA21835C5E00523CB8 /* StoryBoards.swift in Sources */ = {isa = PBXBuildFile; fileRef = 6440BFA921835C5E00523CB8 /* StoryBoards.swift */; };
		6440BFB22183708900523CB8 /* HelloWorldViewController.swift in Sources */ = {isa = PBXBuildFile; fileRef = 6440BFB12183708900523CB8 /* HelloWorldViewController.swift */; };
		6440BFB4218370A400523CB8 /* HelloWorldStoryboard.storyboard in Resources */ = {isa = PBXBuildFile; fileRef = 6440BFB3218370A400523CB8 /* HelloWorldStoryboard.storyboard */; };
		66F4D0811FA6780C4547FAA5 /* .gitignore in Resources */ = {isa = PBXBuildFile; fileRef = 66F4D87F9D7A42A3626C8362 /* .gitignore */; };
/* End PBXBuildFile section */

/* Begin PBXFileReference section */
		6440BF8E21834D9600523CB8 /* HelloWorld.app */ = {isa = PBXFileReference; explicitFileType = wrapper.application; includeInIndex = 0; path = HelloWorld.app; sourceTree = BUILT_PRODUCTS_DIR; };
		6440BF9121834D9600523CB8 /* AppDelegate.swift */ = {isa = PBXFileReference; lastKnownFileType = sourcecode.swift; path = AppDelegate.swift; sourceTree = "<group>"; };
		6440BF9321834D9600523CB8 /* ViewController.swift */ = {isa = PBXFileReference; lastKnownFileType = sourcecode.swift; path = ViewController.swift; sourceTree = "<group>"; };
		6440BF9621834D9600523CB8 /* Base */ = {isa = PBXFileReference; lastKnownFileType = file.storyboard; name = Base; path = Base.lproj/Main.storyboard; sourceTree = "<group>"; };
		6440BF9821834D9700523CB8 /* Assets.xcassets */ = {isa = PBXFileReference; lastKnownFileType = folder.assetcatalog; path = Assets.xcassets; sourceTree = "<group>"; };
		6440BF9D21834D9700523CB8 /* Info.plist */ = {isa = PBXFileReference; lastKnownFileType = text.plist.xml; path = Info.plist; sourceTree = "<group>"; };
		6440BFA921835C5E00523CB8 /* StoryBoards.swift */ = {isa = PBXFileReference; lastKnownFileType = sourcecode.swift; path = StoryBoards.swift; sourceTree = "<group>"; };
		6440BFB12183708900523CB8 /* HelloWorldViewController.swift */ = {isa = PBXFileReference; lastKnownFileType = sourcecode.swift; path = HelloWorldViewController.swift; sourceTree = "<group>"; };
		6440BFB3218370A400523CB8 /* HelloWorldStoryboard.storyboard */ = {isa = PBXFileReference; lastKnownFileType = file.storyboard; path = HelloWorldStoryboard.storyboard; sourceTree = "<group>"; };
		66F4D87F9D7A42A3626C8362 /* .gitignore */ = {isa = PBXFileReference; lastKnownFileType = file.gitignore; path = .gitignore; sourceTree = "<group>"; };
/* End PBXFileReference section */

/* Begin PBXFrameworksBuildPhase section */
		6440BF8B21834D9600523CB8 /* Frameworks */ = {
			isa = PBXFrameworksBuildPhase;
			buildActionMask = 2147483647;
			files = (
			);
			runOnlyForDeploymentPostprocessing = 0;
		};
/* End PBXFrameworksBuildPhase section */

/* Begin PBXGroup section */
		6440BF8521834D9600523CB8 = {
			isa = PBXGroup;
			children = (
				6440BF9021834D9600523CB8 /* HelloWorld */,
				6440BF8F21834D9600523CB8 /* Products */,
				66F4D87F9D7A42A3626C8362 /* .gitignore */,
			);
			sourceTree = "<group>";
		};
		6440BF8F21834D9600523CB8 /* Products */ = {
			isa = PBXGroup;
			children = (
				6440BF8E21834D9600523CB8 /* HelloWorld.app */,
			);
			name = Products;
			sourceTree = "<group>";
		};
		6440BF9021834D9600523CB8 /* HelloWorld */ = {
			isa = PBXGroup;
			children = (
				6440BFA721835B8A00523CB8 /* Classes */,
				6440BF9121834D9600523CB8 /* AppDelegate.swift */,
				6440BF9821834D9700523CB8 /* Assets.xcassets */,
				6440BF9D21834D9700523CB8 /* Info.plist */,
			);
			path = HelloWorld;
			sourceTree = "<group>";
		};
		6440BFA721835B8A00523CB8 /* Classes */ = {
			isa = PBXGroup;
			children = (
				6440BFAB21836D3400523CB8 /* Modules */,
				6440BFA821835B9600523CB8 /* Commons */,
			);
			path = Classes;
			sourceTree = "<group>";
		};
		6440BFA821835B9600523CB8 /* Commons */ = {
			isa = PBXGroup;
			children = (
				6440BFA921835C5E00523CB8 /* StoryBoards.swift */,
			);
			path = Commons;
			sourceTree = "<group>";
		};
		6440BFAB21836D3400523CB8 /* Modules */ = {
			isa = PBXGroup;
			children = (
				6440BFAE21836D8700523CB8 /* Hello */,
				6440BFAC21836D4200523CB8 /* Root */,
			);
			path = Modules;
			sourceTree = "<group>";
		};
		6440BFAC21836D4200523CB8 /* Root */ = {
			isa = PBXGroup;
			children = (
				6440BFAD21836D6500523CB8 /* View */,
			);
			path = Root;
			sourceTree = "<group>";
		};
		6440BFAD21836D6500523CB8 /* View */ = {
			isa = PBXGroup;
			children = (
				6440BF9321834D9600523CB8 /* ViewController.swift */,
				6440BF9521834D9600523CB8 /* Main.storyboard */,
			);
			path = View;
			sourceTree = "<group>";
		};
		6440BFAE21836D8700523CB8 /* Hello */ = {
			isa = PBXGroup;
			children = (
				6440BFB021836FDF00523CB8 /* View */,
			);
			path = Hello;
			sourceTree = "<group>";
		};
		6440BFB021836FDF00523CB8 /* View */ = {
			isa = PBXGroup;
			children = (
				6440BFB12183708900523CB8 /* HelloWorldViewController.swift */,
				6440BFB3218370A400523CB8 /* HelloWorldStoryboard.storyboard */,
			);
			path = View;
			sourceTree = "<group>";
		};
/* End PBXGroup section */

/* Begin PBXNativeTarget section */
		6440BF8D21834D9600523CB8 /* HelloWorld */ = {
			isa = PBXNativeTarget;
			buildConfigurationList = 6440BFA021834D9700523CB8 /* Build configuration list for PBXNativeTarget "HelloWorld" */;
			buildPhases = (
				6440BF8A21834D9600523CB8 /* Sources */,
				6440BF8B21834D9600523CB8 /* Frameworks */,
				6440BF8C21834D9600523CB8 /* Resources */,
			);
			buildRules = (
			);
			dependencies = (
			);
			name = HelloWorld;
			productName = HelloWorld;
			productReference = 6440BF8E21834D9600523CB8 /* HelloWorld.app */;
			productType = "com.apple.product-type.application";
		};
/* End PBXNativeTarget section */

/* Begin PBXProject section */
		6440BF8621834D9600523CB8 /* Project object */ = {
			isa = PBXProject;
			attributes = {
				LastSwiftUpdateCheck = 1000;
				LastUpgradeCheck = 1000;
				ORGANIZATIONNAME = "日高郁彦";
				TargetAttributes = {
					6440BF8D21834D9600523CB8 = {
						CreatedOnToolsVersion = 10.0;
					};
				};
			};
			buildConfigurationList = 6440BF8921834D9600523CB8 /* Build configuration list for PBXProject "HelloWorld" */;
			compatibilityVersion = "Xcode 9.3";
			developmentRegion = en;
			hasScannedForEncodings = 0;
			knownRegions = (
				en,
				Base,
			);
			mainGroup = 6440BF8521834D9600523CB8;
			productRefGroup = 6440BF8F21834D9600523CB8 /* Products */;
			projectDirPath = "";
			projectRoot = "";
			targets = (
				6440BF8D21834D9600523CB8 /* HelloWorld */,
			);
		};
/* End PBXProject section */

/* Begin PBXResourcesBuildPhase section */
		6440BF8C21834D9600523CB8 /* Resources */ = {
			isa = PBXResourcesBuildPhase;
			buildActionMask = 2147483647;
			files = (
				6440BFB4218370A400523CB8 /* HelloWorldStoryboard.storyboard in Resources */,
				6440BF9921834D9700523CB8 /* Assets.xcassets in Resources */,
				6440BF9721834D9600523CB8 /* Main.storyboard in Resources */,
				66F4D0811FA6780C4547FAA5 /* .gitignore in Resources */,
			);
			runOnlyForDeploymentPostprocessing = 0;
		};
/* End PBXResourcesBuildPhase section */

/* Begin PBXSourcesBuildPhase section */
		6440BF8A21834D9600523CB8 /* Sources */ = {
			isa = PBXSourcesBuildPhase;
			buildActionMask = 2147483647;
			files = (
				6440BFB22183708900523CB8 /* HelloWorldViewController.swift in Sources */,
				6440BFAA21835C5E00523CB8 /* StoryBoards.swift in Sources */,
				6440BF9421834D9600523CB8 /* ViewController.swift in Sources */,
				6440BF9221834D9600523CB8 /* AppDelegate.swift in Sources */,
			);
			runOnlyForDeploymentPostprocessing = 0;
		};
/* End PBXSourcesBuildPhase section */

/* Begin PBXVariantGroup section */
		6440BF9521834D9600523CB8 /* Main.storyboard */ = {
			isa = PBXVariantGroup;
			children = (
				6440BF9621834D9600523CB8 /* Base */,
			);
			name = Main.storyboard;
			sourceTree = "<group>";
		};
/* End PBXVariantGroup section */

/* Begin XCBuildConfiguration section */
		6440BF9E21834D9700523CB8 /* Debug */ = {
			isa = XCBuildConfiguration;
			buildSettings = {
				ALWAYS_SEARCH_USER_PATHS = NO;
				CLANG_ANALYZER_NONNULL = YES;
				CLANG_ANALYZER_NUMBER_OBJECT_CONVERSION = YES_AGGRESSIVE;
				CLANG_CXX_LANGUAGE_STANDARD = "gnu++14";
				CLANG_CXX_LIBRARY = "libc++";
				CLANG_ENABLE_MODULES = YES;
				CLANG_ENABLE_OBJC_ARC = YES;
				CLANG_ENABLE_OBJC_WEAK = YES;
				CLANG_WARN_BLOCK_CAPTURE_AUTORELEASING = YES;
				CLANG_WARN_BOOL_CONVERSION = YES;
				CLANG_WARN_COMMA = YES;
				CLANG_WARN_CONSTANT_CONVERSION = YES;
				CLANG_WARN_DEPRECATED_OBJC_IMPLEMENTATIONS = YES;
				CLANG_WARN_DIRECT_OBJC_ISA_USAGE = YES_ERROR;
				CLANG_WARN_DOCUMENTATION_COMMENTS = YES;
				CLANG_WARN_EMPTY_BODY = YES;
				CLANG_WARN_ENUM_CONVERSION = YES;
				CLANG_WARN_INFINITE_RECURSION = YES;
				CLANG_WARN_INT_CONVERSION = YES;
				CLANG_WARN_NON_LITERAL_NULL_CONVERSION = YES;
				CLANG_WARN_OBJC_IMPLICIT_RETAIN_SELF = YES;
				CLANG_WARN_OBJC_LITERAL_CONVERSION = YES;
				CLANG_WARN_OBJC_ROOT_CLASS = YES_ERROR;
				CLANG_WARN_RANGE_LOOP_ANALYSIS = YES;
				CLANG_WARN_STRICT_PROTOTYPES = YES;
				CLANG_WARN_SUSPICIOUS_MOVE = YES;
				CLANG_WARN_UNGUARDED_AVAILABILITY = YES_AGGRESSIVE;
				CLANG_WARN_UNREACHABLE_CODE = YES;
				CLANG_WARN__DUPLICATE_METHOD_MATCH = YES;
				CODE_SIGN_IDENTITY = "iPhone Developer";
				COPY_PHASE_STRIP = NO;
				DEBUG_INFORMATION_FORMAT = dwarf;
				ENABLE_STRICT_OBJC_MSGSEND = YES;
				ENABLE_TESTABILITY = YES;
				GCC_C_LANGUAGE_STANDARD = gnu11;
				GCC_DYNAMIC_NO_PIC = NO;
				GCC_NO_COMMON_BLOCKS = YES;
				GCC_OPTIMIZATION_LEVEL = 0;
				GCC_PREPROCESSOR_DEFINITIONS = (
					"DEBUG=1",
					"$(inherited)",
				);
				GCC_WARN_64_TO_32_BIT_CONVERSION = YES;
				GCC_WARN_ABOUT_RETURN_TYPE = YES_ERROR;
				GCC_WARN_UNDECLARED_SELECTOR = YES;
				GCC_WARN_UNINITIALIZED_AUTOS = YES_AGGRESSIVE;
				GCC_WARN_UNUSED_FUNCTION = YES;
				GCC_WARN_UNUSED_VARIABLE = YES;
				IPHONEOS_DEPLOYMENT_TARGET = 12.0;
				MTL_ENABLE_DEBUG_INFO = INCLUDE_SOURCE;
				MTL_FAST_MATH = YES;
				ONLY_ACTIVE_ARCH = YES;
				SDKROOT = iphoneos;
				SWIFT_ACTIVE_COMPILATION_CONDITIONS = DEBUG;
				SWIFT_OPTIMIZATION_LEVEL = "-Onone";
			};
			name = Debug;
		};
		6440BF9F21834D9700523CB8 /* Release */ = {
			isa = XCBuildConfiguration;
			buildSettings = {
				ALWAYS_SEARCH_USER_PATHS = NO;
				CLANG_ANALYZER_NONNULL = YES;
				CLANG_ANALYZER_NUMBER_OBJECT_CONVERSION = YES_AGGRESSIVE;
				CLANG_CXX_LANGUAGE_STANDARD = "gnu++14";
				CLANG_CXX_LIBRARY = "libc++";
				CLANG_ENABLE_MODULES = YES;
				CLANG_ENABLE_OBJC_ARC = YES;
				CLANG_ENABLE_OBJC_WEAK = YES;
				CLANG_WARN_BLOCK_CAPTURE_AUTORELEASING = YES;
				CLANG_WARN_BOOL_CONVERSION = YES;
				CLANG_WARN_COMMA = YES;
				CLANG_WARN_CONSTANT_CONVERSION = YES;
				CLANG_WARN_DEPRECATED_OBJC_IMPLEMENTATIONS = YES;
				CLANG_WARN_DIRECT_OBJC_ISA_USAGE = YES_ERROR;
				CLANG_WARN_DOCUMENTATION_COMMENTS = YES;
				CLANG_WARN_EMPTY_BODY = YES;
				CLANG_WARN_ENUM_CONVERSION = YES;
				CLANG_WARN_INFINITE_RECURSION = YES;
				CLANG_WARN_INT_CONVERSION = YES;
				CLANG_WARN_NON_LITERAL_NULL_CONVERSION = YES;
				CLANG_WARN_OBJC_IMPLICIT_RETAIN_SELF = YES;
				CLANG_WARN_OBJC_LITERAL_CONVERSION = YES;
				CLANG_WARN_OBJC_ROOT_CLASS = YES_ERROR;
				CLANG_WARN_RANGE_LOOP_ANALYSIS = YES;
				CLANG_WARN_STRICT_PROTOTYPES = YES;
				CLANG_WARN_SUSPICIOUS_MOVE = YES;
				CLANG_WARN_UNGUARDED_AVAILABILITY = YES_AGGRESSIVE;
				CLANG_WARN_UNREACHABLE_CODE = YES;
				CLANG_WARN__DUPLICATE_METHOD_MATCH = YES;
				CODE_SIGN_IDENTITY = "iPhone Developer";
				COPY_PHASE_STRIP = NO;
				DEBUG_INFORMATION_FORMAT = "dwarf-with-dsym";
				ENABLE_NS_ASSERTIONS = NO;
				ENABLE_STRICT_OBJC_MSGSEND = YES;
				GCC_C_LANGUAGE_STANDARD = gnu11;
				GCC_NO_COMMON_BLOCKS = YES;
				GCC_WARN_64_TO_32_BIT_CONVERSION = YES;
				GCC_WARN_ABOUT_RETURN_TYPE = YES_ERROR;
				GCC_WARN_UNDECLARED_SELECTOR = YES;
				GCC_WARN_UNINITIALIZED_AUTOS = YES_AGGRESSIVE;
				GCC_WARN_UNUSED_FUNCTION = YES;
				GCC_WARN_UNUSED_VARIABLE = YES;
				IPHONEOS_DEPLOYMENT_TARGET = 12.0;
				MTL_ENABLE_DEBUG_INFO = NO;
				MTL_FAST_MATH = YES;
				SDKROOT = iphoneos;
				SWIFT_COMPILATION_MODE = wholemodule;
				SWIFT_OPTIMIZATION_LEVEL = "-O";
				VALIDATE_PRODUCT = YES;
			};
			name = Release;
		};
		6440BFA121834D9700523CB8 /* Debug */ = {
			isa = XCBuildConfiguration;
			buildSettings = {
				ASSETCATALOG_COMPILER_APPICON_NAME = AppIcon;
				CODE_SIGN_STYLE = Automatic;
				INFOPLIST_FILE = HelloWorld/Info.plist;
				LD_RUNPATH_SEARCH_PATHS = (
					"$(inherited)",
					"@executable_path/Frameworks",
				);
				PRODUCT_BUNDLE_IDENTIFIER = nekokari.co.jp.HelloWorld;
				PRODUCT_NAME = "$(TARGET_NAME)";
				SWIFT_VERSION = 4.2;
				TARGETED_DEVICE_FAMILY = "1,2";
			};
			name = Debug;
		};
		6440BFA221834D9700523CB8 /* Release */ = {
			isa = XCBuildConfiguration;
			buildSettings = {
				ASSETCATALOG_COMPILER_APPICON_NAME = AppIcon;
				CODE_SIGN_STYLE = Automatic;
				INFOPLIST_FILE = HelloWorld/Info.plist;
				LD_RUNPATH_SEARCH_PATHS = (
					"$(inherited)",
					"@executable_path/Frameworks",
				);
				PRODUCT_BUNDLE_IDENTIFIER = nekokari.co.jp.HelloWorld;
				PRODUCT_NAME = "$(TARGET_NAME)";
				SWIFT_VERSION = 4.2;
				TARGETED_DEVICE_FAMILY = "1,2";
			};
			name = Release;
		};
/* End XCBuildConfiguration section */

/* Begin XCConfigurationList section */
		6440BF8921834D9600523CB8 /* Build configuration list for PBXProject "HelloWorld" */ = {
			isa = XCConfigurationList;
			buildConfigurations = (
				6440BF9E21834D9700523CB8 /* Debug */,
				6440BF9F21834D9700523CB8 /* Release */,
			);
			defaultConfigurationIsVisible = 0;
			defaultConfigurationName = Release;
		};
		6440BFA021834D9700523CB8 /* Build configuration list for PBXNativeTarget "HelloWorld" */ = {
			isa = XCConfigurationList;
			buildConfigurations = (
				6440BFA121834D9700523CB8 /* Debug */,
				6440BFA221834D9700523CB8 /* Release */,
			);
			defaultConfigurationIsVisible = 0;
			defaultConfigurationName = Release;
		};
/* End XCConfigurationList section */
	};
	rootObject = 6440BF8621834D9600523CB8 /* Project object */;
}
